
Microsoft Visual Studio Solution File, Format Version 12.00
# Visual Studio 14
VisualStudioVersion = 14.0.25420.1
MinimumVisualStudioVersion = 10.0.40219.1
Project("{FAE04EC0-301F-11D3-BF4B-00C04F79EFBC}") = "Inventario.COMMON", "..\Inventario.COMMON\Inventario.COMMON.csproj", "{EDD8939D-4123-4A8A-9C27-62A64D0CDDC9}"
EndProject
Project("{FAE04EC0-301F-11D3-BF4B-00C04F79EFBC}") = "Inventario.DAL", "Inventario.DAL\Inventario.DAL.csproj", "{EF59E5EC-7278-4A98-A7B3-4AE5D9D3E03B}"
EndProject
Project("{FAE04EC0-301F-11D3-BF4B-00C04F79EFBC}") = "Inventario.BIZ", "Inventario.BIZ\Inventario.BIZ.csproj", "{4B685966-9446-4A42-A2B3-A07BB1602805}"
EndProject
Project("{FAE04EC0-301F-11D3-BF4B-00C04F79EFBC}") = "Inventario.GUI.Administrador", "Inventario.GUI.Administrador\Inventario.GUI.Administrador.csproj", "{6C2EE8F3-F4C7-4C75-BB06-79108928E90D}"
EndProject
Project("{FAE04EC0-301F-11D3-BF4B-00C04F79EFBC}") = "Inventario.GUI.Almacen", "Inventario.GUI.Almacen\Inventario.GUI.Almacen.csproj", "{E571D565-7AC1-4E7F-8BC0-BA4C758C0159}"
EndProject
Global
	GlobalSection(SolutionConfigurationPlatforms) = preSolution
		Debug|Any CPU = Debug|Any CPU
		Release|Any CPU = Release|Any CPU
	EndGlobalSection
	GlobalSection(ProjectConfigurationPlatforms) = postSolution
		{EDD8939D-4123-4A8A-9C27-62A64D0CDDC9}.Debug|Any CPU.ActiveCfg = Debug|Any CPU
		{EDD8939D-4123-4A8A-9C27-62A64D0CDDC9}.Debug|Any CPU.Build.0 = Debug|Any CPU
		{EDD8939D-4123-4A8A-9C27-62A64D0CDDC9}.Release|Any CPU.ActiveCfg = Release|Any CPU
		{EDD8939D-4123-4A8A-9C27-62A64D0CDDC9}.Release|Any CPU.Build.0 = Release|Any CPU
		{EF59E5EC-7278-4A98-A7B3-4AE5D9D3E03B}.Debug|Any CPU.ActiveCfg = Debug|Any CPU
		{EF59E5EC-7278-4A98-A7B3-4AE5D9D3E03B}.Debug|Any CPU.Build.0 = Debug|Any CPU
		{EF59E5EC-7278-4A98-A7B3-4AE5D9D3E03B}.Release|Any CPU.ActiveCfg = Release|Any CPU
		{EF59E5EC-7278-4A98-A7B3-4AE5D9D3E03B}.Release|Any CPU.Build.0 = Release|Any CPU
		{4B685966-9446-4A42-A2B3-A07BB1602805}.Debug|Any CPU.ActiveCfg = Debug|Any CPU
		{4B685966-9446-4A42-A2B3-A07BB1602805}.Debug|Any CPU.Build.0 = Debug|Any CPU
		{4B685966-9446-4A42-A2B3-A07BB1602805}.Release|Any CPU.ActiveCfg = Release|Any CPU
		{4B685966-9446-4A42-A2B3-A07BB1602805}.Release|Any CPU.Build.0 = Release|Any CPU
		{6C2EE8F3-F4C7-4C75-BB06-79108928E90D}.Debug|Any CPU.ActiveCfg = Debug|Any CPU
		{6C2EE8F3-F4C7-4C75-BB06-79108928E90D}.Debug|Any CPU.Build.0 = Debug|Any CPU
		{6C2EE8F3-F4C7-4C75-BB06-79108928E90D}.Release|Any CPU.ActiveCfg = Release|Any CPU
		{6C2EE8F3-F4C7-4C75-BB06-79108928E90D}.Release|Any CPU.Build.0 = Release|Any CPU
		{E571D565-7AC1-4E7F-8BC0-BA4C758C0159}.Debug|Any CPU.ActiveCfg = Debug|Any CPU
		{E571D565-7AC1-4E7F-8BC0-BA4C758C0159}.Debug|Any CPU.Build.0 = Debug|Any CPU
		{E571D565-7AC1-4E7F-8BC0-BA4C758C0159}.Release|Any CPU.ActiveCfg = Release|Any CPU
		{E571D565-7AC1-4E7F-8BC0-BA4C758C0159}.Release|Any CPU.Build.0 = Release|Any CPU
	EndGlobalSection
	GlobalSection(SolutionProperties) = preSolution
		HideSolutionNode = FALSE
	EndGlobalSection
EndGlobal
